{
  "name": "cooking-timer",
  "lockfileVersion": 2,
  "requires": true,
  "packages": {
    "": {
      "name": "cooking-timer",
      "dependencies": {
        "active-buzzer": "github:niklauslee/active-buzzer",
        "rotary-encoder": "github:niklauslee/rotary-encoder",
        "tm1637": "github:niklauslee/tm1637"
      }
    },
    "node_modules/active-buzzer": {
      "version": "1.0.0",
      "resolved": "git+ssh://git@github.com/niklauslee/active-buzzer.git#fdad35f05ca33d4192357885015da379f983e669"
    },
    "node_modules/rotary-encoder": {
      "version": "1.0.0",
      "resolved": "git+ssh://git@github.com/niklauslee/rotary-encoder.git#e694157872821c8e34992b3256c2c399f3625c08"
    },
    "node_modules/tm1637": {
      "version": "1.0.0",
      "resolved": "git+ssh://git@github.com/niklauslee/tm1637.git#d248ea25527028672dec75a7cbfff815ca99c9dd"
    }
  },
  "dependencies": {
    "active-buzzer": {
      "version": "git+ssh://git@github.com/niklauslee/active-buzzer.git#fdad35f05ca33d4192357885015da379f983e669",
      "from": "active-buzzer@github:niklauslee/active-buzzer"
    },
    "rotary-encoder": {
      "version": "git+ssh://git@github.com/niklauslee/rotary-encoder.git#e694157872821c8e34992b3256c2c399f3625c08",
      "from": "rotary-encoder@https://github.com/niklauslee/rotary-encoder"
    },
    "tm1637": {
      "version": "git+ssh://git@github.com/niklauslee/tm1637.git#d248ea25527028672dec75a7cbfff815ca99c9dd",
      "from": "tm1637@github:niklauslee/tm1637"
    }
  }
}
